
Microsoft Visual Studio Solution File, Format Version 12.00
Project("{FAE04EC0-301F-11D3-BF4B-00C04F79EFBC}") = "TestCachingExercise", "TestCachingExercise\TestCachingExercise.csproj", "{5ECBD153-CECE-4ACE-8835-FBF6CD33FDEB}"
EndProject
Project("{FAE04EC0-301F-11D3-BF4B-00C04F79EFBC}") = "CachingExercise", "CachingExercise\CachingExercise.csproj", "{0613122F-A846-4152-AF75-BDDAA8035B90}"
EndProject
Global
	GlobalSection(SolutionConfigurationPlatforms) = preSolution
		Debug|Any CPU = Debug|Any CPU
		Release|Any CPU = Release|Any CPU
	EndGlobalSection
	GlobalSection(ProjectConfigurationPlatforms) = postSolution
		{5ECBD153-CECE-4ACE-8835-FBF6CD33FDEB}.Debug|Any CPU.ActiveCfg = Debug|Any CPU
		{5ECBD153-CECE-4ACE-8835-FBF6CD33FDEB}.Debug|Any CPU.Build.0 = Debug|Any CPU
		{5ECBD153-CECE-4ACE-8835-FBF6CD33FDEB}.Release|Any CPU.ActiveCfg = Release|Any CPU
		{5ECBD153-CECE-4ACE-8835-FBF6CD33FDEB}.Release|Any CPU.Build.0 = Release|Any CPU
		{0613122F-A846-4152-AF75-BDDAA8035B90}.Debug|Any CPU.ActiveCfg = Debug|Any CPU
		{0613122F-A846-4152-AF75-BDDAA8035B90}.Debug|Any CPU.Build.0 = Debug|Any CPU
		{0613122F-A846-4152-AF75-BDDAA8035B90}.Release|Any CPU.ActiveCfg = Release|Any CPU
		{0613122F-A846-4152-AF75-BDDAA8035B90}.Release|Any CPU.Build.0 = Release|Any CPU
	EndGlobalSection
EndGlobal
